
Microsoft Visual Studio Solution File, Format Version 12.00
# Visual Studio Version 16
VisualStudioVersion = 16.0.29001.49
MinimumVisualStudioVersion = 10.0.40219.1
Project("{FAE04EC0-301F-11D3-BF4B-00C04F79EFBC}") = "SimpleQuiz", "SimpleQuiz\SimpleQuiz.csproj", "{BCCC326C-A93D-4823-A4D6-5A0BBB089412}"
EndProject
Global
	GlobalSection(SolutionConfigurationPlatforms) = preSolution
		Debug|Any CPU = Debug|Any CPU
		Release|Any CPU = Release|Any CPU
	EndGlobalSection
	GlobalSection(ProjectConfigurationPlatforms) = postSolution
		{BCCC326C-A93D-4823-A4D6-5A0BBB089412}.Debug|Any CPU.ActiveCfg = Debug|Any CPU
		{BCCC326C-A93D-4823-A4D6-5A0BBB089412}.Debug|Any CPU.Build.0 = Debug|Any CPU
		{BCCC326C-A93D-4823-A4D6-5A0BBB089412}.Release|Any CPU.ActiveCfg = Release|Any CPU
		{BCCC326C-A93D-4823-A4D6-5A0BBB089412}.Release|Any CPU.Build.0 = Release|Any CPU
	EndGlobalSection
	GlobalSection(SolutionProperties) = preSolution
		HideSolutionNode = FALSE
	EndGlobalSection
	GlobalSection(ExtensibilityGlobals) = postSolution
		SolutionGuid = {A1191AD1-313F-4DBC-8C63-FE88E9ED4022}
	EndGlobalSection
EndGlobal
